
Microsoft Visual Studio Solution File, Format Version 12.00
# Visual Studio Version 17
VisualStudioVersion = 17.0.31903.59
MinimumVisualStudioVersion = 10.0.40219.1
Project("{FAE04EC0-301F-11D3-BF4B-00C04F79EFBC}") = "MongoConsole", "..\MongoConsole\MongoConsole.csproj", "{241D0DA3-6082-43FF-9B2F-5FBE6DF9FB8D}"
EndProject
Project("{2150E333-8FDC-42A3-9474-1A3956D46DE8}") = "Tests", "Tests", "{B0BA0B82-2609-4429-9963-D3E4486C4FF6}"
EndProject
Project("{FAE04EC0-301F-11D3-BF4B-00C04F79EFBC}") = "TestsApi", "Tests\Api\TestsApi.csproj", "{4213284B-4769-439E-8243-C0B231E5C35D}"
EndProject
Project("{FAE04EC0-301F-11D3-BF4B-00C04F79EFBC}") = "TestsApplication", "Tests\Application\TestsApplication.csproj", "{9ED1F4FE-53DC-4EB1-9864-923905DB38D9}"
EndProject
Project("{2150E333-8FDC-42A3-9474-1A3956D46DE8}") = "Src", "Src", "{FAC97CF8-D286-466A-B7C6-504B4421EF20}"
EndProject
Project("{2150E333-8FDC-42A3-9474-1A3956D46DE8}") = "Consumers", "Consumers", "{E1349DFC-7E3B-46EB-89BF-19F5F0CB3A20}"
EndProject
Project("{FAE04EC0-301F-11D3-BF4B-00C04F79EFBC}") = "Api", "Src\Consumers\Api\Api.csproj", "{69150BB5-880D-4DBC-9C56-AE148752143C}"
EndProject
Project("{2150E333-8FDC-42A3-9474-1A3956D46DE8}") = "Core", "Core", "{A9B85B2C-8B19-4AD3-BB39-8CBBEBAFDA3D}"
EndProject
Project("{FAE04EC0-301F-11D3-BF4B-00C04F79EFBC}") = "Domain", "Src\Core\Domain\Domain.csproj", "{311A9AF4-DE8D-492B-B82A-0A9BD048996C}"
EndProject
Project("{FAE04EC0-301F-11D3-BF4B-00C04F79EFBC}") = "Application", "Src\Core\Application\Application.csproj", "{F0809930-317E-4FB2-9CE3-D0841ADDA783}"
EndProject
Project("{2150E333-8FDC-42A3-9474-1A3956D46DE8}") = "Infrastructure", "Infrastructure", "{3A82022A-C67C-4C6F-8BF2-02BD8B007878}"
EndProject
Project("{2150E333-8FDC-42A3-9474-1A3956D46DE8}") = "Persistence", "Persistence", "{0752DBF0-B6C5-452D-A7BE-FF9474191A6E}"
EndProject
Project("{FAE04EC0-301F-11D3-BF4B-00C04F79EFBC}") = "pgSQL", "Src\Infrastructure\Persistence\pgSQL\pgSQL.csproj", "{C0082490-6387-4219-8F63-BA64BC954E13}"
EndProject
Project("{FAE04EC0-301F-11D3-BF4B-00C04F79EFBC}") = "MongoData", "Src\Infrastructure\Persistence\MongoData\MongoData.csproj", "{F805CE99-D9C2-4B6F-9396-A5C85BC12D56}"
EndProject
Global
	GlobalSection(SolutionConfigurationPlatforms) = preSolution
		Debug|Any CPU = Debug|Any CPU
		Release|Any CPU = Release|Any CPU
	EndGlobalSection
	GlobalSection(SolutionProperties) = preSolution
		HideSolutionNode = FALSE
	EndGlobalSection
	GlobalSection(ProjectConfigurationPlatforms) = postSolution
		{241D0DA3-6082-43FF-9B2F-5FBE6DF9FB8D}.Debug|Any CPU.ActiveCfg = Debug|Any CPU
		{241D0DA3-6082-43FF-9B2F-5FBE6DF9FB8D}.Debug|Any CPU.Build.0 = Debug|Any CPU
		{241D0DA3-6082-43FF-9B2F-5FBE6DF9FB8D}.Release|Any CPU.ActiveCfg = Release|Any CPU
		{241D0DA3-6082-43FF-9B2F-5FBE6DF9FB8D}.Release|Any CPU.Build.0 = Release|Any CPU
		{4213284B-4769-439E-8243-C0B231E5C35D}.Debug|Any CPU.ActiveCfg = Debug|Any CPU
		{4213284B-4769-439E-8243-C0B231E5C35D}.Debug|Any CPU.Build.0 = Debug|Any CPU
		{4213284B-4769-439E-8243-C0B231E5C35D}.Release|Any CPU.ActiveCfg = Release|Any CPU
		{4213284B-4769-439E-8243-C0B231E5C35D}.Release|Any CPU.Build.0 = Release|Any CPU
		{9ED1F4FE-53DC-4EB1-9864-923905DB38D9}.Debug|Any CPU.ActiveCfg = Debug|Any CPU
		{9ED1F4FE-53DC-4EB1-9864-923905DB38D9}.Debug|Any CPU.Build.0 = Debug|Any CPU
		{9ED1F4FE-53DC-4EB1-9864-923905DB38D9}.Release|Any CPU.ActiveCfg = Release|Any CPU
		{9ED1F4FE-53DC-4EB1-9864-923905DB38D9}.Release|Any CPU.Build.0 = Release|Any CPU
		{69150BB5-880D-4DBC-9C56-AE148752143C}.Debug|Any CPU.ActiveCfg = Debug|Any CPU
		{69150BB5-880D-4DBC-9C56-AE148752143C}.Debug|Any CPU.Build.0 = Debug|Any CPU
		{69150BB5-880D-4DBC-9C56-AE148752143C}.Release|Any CPU.ActiveCfg = Release|Any CPU
		{69150BB5-880D-4DBC-9C56-AE148752143C}.Release|Any CPU.Build.0 = Release|Any CPU
		{311A9AF4-DE8D-492B-B82A-0A9BD048996C}.Debug|Any CPU.ActiveCfg = Debug|Any CPU
		{311A9AF4-DE8D-492B-B82A-0A9BD048996C}.Debug|Any CPU.Build.0 = Debug|Any CPU
		{311A9AF4-DE8D-492B-B82A-0A9BD048996C}.Release|Any CPU.ActiveCfg = Release|Any CPU
		{311A9AF4-DE8D-492B-B82A-0A9BD048996C}.Release|Any CPU.Build.0 = Release|Any CPU
		{F0809930-317E-4FB2-9CE3-D0841ADDA783}.Debug|Any CPU.ActiveCfg = Debug|Any CPU
		{F0809930-317E-4FB2-9CE3-D0841ADDA783}.Debug|Any CPU.Build.0 = Debug|Any CPU
		{F0809930-317E-4FB2-9CE3-D0841ADDA783}.Release|Any CPU.ActiveCfg = Release|Any CPU
		{F0809930-317E-4FB2-9CE3-D0841ADDA783}.Release|Any CPU.Build.0 = Release|Any CPU
		{C0082490-6387-4219-8F63-BA64BC954E13}.Debug|Any CPU.ActiveCfg = Debug|Any CPU
		{C0082490-6387-4219-8F63-BA64BC954E13}.Debug|Any CPU.Build.0 = Debug|Any CPU
		{C0082490-6387-4219-8F63-BA64BC954E13}.Release|Any CPU.ActiveCfg = Release|Any CPU
		{C0082490-6387-4219-8F63-BA64BC954E13}.Release|Any CPU.Build.0 = Release|Any CPU
		{F805CE99-D9C2-4B6F-9396-A5C85BC12D56}.Debug|Any CPU.ActiveCfg = Debug|Any CPU
		{F805CE99-D9C2-4B6F-9396-A5C85BC12D56}.Debug|Any CPU.Build.0 = Debug|Any CPU
		{F805CE99-D9C2-4B6F-9396-A5C85BC12D56}.Release|Any CPU.ActiveCfg = Release|Any CPU
		{F805CE99-D9C2-4B6F-9396-A5C85BC12D56}.Release|Any CPU.Build.0 = Release|Any CPU
	EndGlobalSection
	GlobalSection(NestedProjects) = preSolution
		{4213284B-4769-439E-8243-C0B231E5C35D} = {B0BA0B82-2609-4429-9963-D3E4486C4FF6}
		{9ED1F4FE-53DC-4EB1-9864-923905DB38D9} = {B0BA0B82-2609-4429-9963-D3E4486C4FF6}
		{E1349DFC-7E3B-46EB-89BF-19F5F0CB3A20} = {FAC97CF8-D286-466A-B7C6-504B4421EF20}
		{69150BB5-880D-4DBC-9C56-AE148752143C} = {E1349DFC-7E3B-46EB-89BF-19F5F0CB3A20}
		{A9B85B2C-8B19-4AD3-BB39-8CBBEBAFDA3D} = {FAC97CF8-D286-466A-B7C6-504B4421EF20}
		{311A9AF4-DE8D-492B-B82A-0A9BD048996C} = {A9B85B2C-8B19-4AD3-BB39-8CBBEBAFDA3D}
		{F0809930-317E-4FB2-9CE3-D0841ADDA783} = {A9B85B2C-8B19-4AD3-BB39-8CBBEBAFDA3D}
		{3A82022A-C67C-4C6F-8BF2-02BD8B007878} = {FAC97CF8-D286-466A-B7C6-504B4421EF20}
		{0752DBF0-B6C5-452D-A7BE-FF9474191A6E} = {3A82022A-C67C-4C6F-8BF2-02BD8B007878}
		{C0082490-6387-4219-8F63-BA64BC954E13} = {0752DBF0-B6C5-452D-A7BE-FF9474191A6E}
		{F805CE99-D9C2-4B6F-9396-A5C85BC12D56} = {0752DBF0-B6C5-452D-A7BE-FF9474191A6E}
	EndGlobalSection
EndGlobal
