
Microsoft Visual Studio Solution File, Format Version 12.00
# Visual Studio Version 17
VisualStudioVersion = 17.0.31903.59
MinimumVisualStudioVersion = 10.0.40219.1
Project("{2150E333-8FDC-42A3-9474-1A3956D46DE8}") = "Consumers", "Consumers", "{237D719A-F5F0-4A0D-A174-CBF168BFA32C}"
EndProject
Project("{FAE04EC0-301F-11D3-BF4B-00C04F79EFBC}") = "Api", "Consumers\Api\Api.csproj", "{01B915F7-4F46-40A8-AB0B-29E6AE912EB5}"
EndProject
Project("{2150E333-8FDC-42A3-9474-1A3956D46DE8}") = "Core", "Core", "{AFDAA869-E0C8-4C1E-8835-969A8757E7AE}"
EndProject
Project("{FAE04EC0-301F-11D3-BF4B-00C04F79EFBC}") = "Domain", "Core\Domain\Domain.csproj", "{E42C13DF-C86B-4395-A9A7-CDC2E251114F}"
EndProject
Project("{FAE04EC0-301F-11D3-BF4B-00C04F79EFBC}") = "Application", "Core\Application\Application.csproj", "{043438FA-B9A4-49ED-9489-1CF9AFABA993}"
EndProject
Project("{2150E333-8FDC-42A3-9474-1A3956D46DE8}") = "Infrastructure", "Infrastructure", "{11B92D23-6F42-412D-8D7B-7346A3AA10E6}"
EndProject
Project("{2150E333-8FDC-42A3-9474-1A3956D46DE8}") = "Persistence", "Persistence", "{41796C31-3BD1-4D78-9A7E-FE624EF6AF38}"
EndProject
Project("{FAE04EC0-301F-11D3-BF4B-00C04F79EFBC}") = "pgSQL", "Infrastructure\Persistence\pgSQL\pgSQL.csproj", "{7454F39C-E887-4D87-8936-D1B289F5FF4D}"
EndProject
Project("{2150E333-8FDC-42A3-9474-1A3956D46DE8}") = "Tests", "Tests", "{D92EFE57-5A84-4DB8-9C6C-D48F7063303D}"
EndProject
Project("{FAE04EC0-301F-11D3-BF4B-00C04F79EFBC}") = "TestsApplication", "Tests\Application\TestsApplication.csproj", "{8FDD906E-4678-4CBC-8244-08F1E2A388AA}"
EndProject
Project("{FAE04EC0-301F-11D3-BF4B-00C04F79EFBC}") = "TestsApi", "Tests\Api\TestsApi.csproj", "{66F8B150-0F8C-4042-9F19-091F8C80AE6E}"
EndProject
Global
	GlobalSection(SolutionConfigurationPlatforms) = preSolution
		Debug|Any CPU = Debug|Any CPU
		Release|Any CPU = Release|Any CPU
	EndGlobalSection
	GlobalSection(SolutionProperties) = preSolution
		HideSolutionNode = FALSE
	EndGlobalSection
	GlobalSection(ProjectConfigurationPlatforms) = postSolution
		{01B915F7-4F46-40A8-AB0B-29E6AE912EB5}.Debug|Any CPU.ActiveCfg = Debug|Any CPU
		{01B915F7-4F46-40A8-AB0B-29E6AE912EB5}.Debug|Any CPU.Build.0 = Debug|Any CPU
		{01B915F7-4F46-40A8-AB0B-29E6AE912EB5}.Release|Any CPU.ActiveCfg = Release|Any CPU
		{01B915F7-4F46-40A8-AB0B-29E6AE912EB5}.Release|Any CPU.Build.0 = Release|Any CPU
		{E42C13DF-C86B-4395-A9A7-CDC2E251114F}.Debug|Any CPU.ActiveCfg = Debug|Any CPU
		{E42C13DF-C86B-4395-A9A7-CDC2E251114F}.Debug|Any CPU.Build.0 = Debug|Any CPU
		{E42C13DF-C86B-4395-A9A7-CDC2E251114F}.Release|Any CPU.ActiveCfg = Release|Any CPU
		{E42C13DF-C86B-4395-A9A7-CDC2E251114F}.Release|Any CPU.Build.0 = Release|Any CPU
		{043438FA-B9A4-49ED-9489-1CF9AFABA993}.Debug|Any CPU.ActiveCfg = Debug|Any CPU
		{043438FA-B9A4-49ED-9489-1CF9AFABA993}.Debug|Any CPU.Build.0 = Debug|Any CPU
		{043438FA-B9A4-49ED-9489-1CF9AFABA993}.Release|Any CPU.ActiveCfg = Release|Any CPU
		{043438FA-B9A4-49ED-9489-1CF9AFABA993}.Release|Any CPU.Build.0 = Release|Any CPU
		{7454F39C-E887-4D87-8936-D1B289F5FF4D}.Debug|Any CPU.ActiveCfg = Debug|Any CPU
		{7454F39C-E887-4D87-8936-D1B289F5FF4D}.Debug|Any CPU.Build.0 = Debug|Any CPU
		{7454F39C-E887-4D87-8936-D1B289F5FF4D}.Release|Any CPU.ActiveCfg = Release|Any CPU
		{7454F39C-E887-4D87-8936-D1B289F5FF4D}.Release|Any CPU.Build.0 = Release|Any CPU
		{8FDD906E-4678-4CBC-8244-08F1E2A388AA}.Debug|Any CPU.ActiveCfg = Debug|Any CPU
		{8FDD906E-4678-4CBC-8244-08F1E2A388AA}.Debug|Any CPU.Build.0 = Debug|Any CPU
		{8FDD906E-4678-4CBC-8244-08F1E2A388AA}.Release|Any CPU.ActiveCfg = Release|Any CPU
		{8FDD906E-4678-4CBC-8244-08F1E2A388AA}.Release|Any CPU.Build.0 = Release|Any CPU
		{66F8B150-0F8C-4042-9F19-091F8C80AE6E}.Debug|Any CPU.ActiveCfg = Debug|Any CPU
		{66F8B150-0F8C-4042-9F19-091F8C80AE6E}.Debug|Any CPU.Build.0 = Debug|Any CPU
		{66F8B150-0F8C-4042-9F19-091F8C80AE6E}.Release|Any CPU.ActiveCfg = Release|Any CPU
		{66F8B150-0F8C-4042-9F19-091F8C80AE6E}.Release|Any CPU.Build.0 = Release|Any CPU
	EndGlobalSection
	GlobalSection(NestedProjects) = preSolution
		{01B915F7-4F46-40A8-AB0B-29E6AE912EB5} = {237D719A-F5F0-4A0D-A174-CBF168BFA32C}
		{E42C13DF-C86B-4395-A9A7-CDC2E251114F} = {AFDAA869-E0C8-4C1E-8835-969A8757E7AE}
		{043438FA-B9A4-49ED-9489-1CF9AFABA993} = {AFDAA869-E0C8-4C1E-8835-969A8757E7AE}
		{41796C31-3BD1-4D78-9A7E-FE624EF6AF38} = {11B92D23-6F42-412D-8D7B-7346A3AA10E6}
		{7454F39C-E887-4D87-8936-D1B289F5FF4D} = {41796C31-3BD1-4D78-9A7E-FE624EF6AF38}
		{8FDD906E-4678-4CBC-8244-08F1E2A388AA} = {D92EFE57-5A84-4DB8-9C6C-D48F7063303D}
		{66F8B150-0F8C-4042-9F19-091F8C80AE6E} = {D92EFE57-5A84-4DB8-9C6C-D48F7063303D}
	EndGlobalSection
EndGlobal
